
Microsoft Visual Studio Solution File, Format Version 12.00
# Visual Studio 15
VisualStudioVersion = 15.0.28307.1433
MinimumVisualStudioVersion = 10.0.40219.1
Project("{FAE04EC0-301F-11D3-BF4B-00C04F79EFBC}") = "MobileBazar.Web", "MobileBazar.Web\MobileBazar.Web.csproj", "{172F5DDB-51B4-420E-998D-C377FDFFD2CA}"
EndProject
Project("{FAE04EC0-301F-11D3-BF4B-00C04F79EFBC}") = "MobileBazar.Entities", "MobileBazar.Entities\MobileBazar.Entities.csproj", "{22F4ACAD-6298-4EA6-94BA-18584EB9CEC1}"
EndProject
Project("{FAE04EC0-301F-11D3-BF4B-00C04F79EFBC}") = "MobileBazar.Database", "MobileBazar.Database\MobileBazar.Database.csproj", "{46792F73-4745-4A52-8C62-247738015357}"
EndProject
Global
	GlobalSection(SolutionConfigurationPlatforms) = preSolution
		Debug|Any CPU = Debug|Any CPU
		Release|Any CPU = Release|Any CPU
	EndGlobalSection
	GlobalSection(ProjectConfigurationPlatforms) = postSolution
		{172F5DDB-51B4-420E-998D-C377FDFFD2CA}.Debug|Any CPU.ActiveCfg = Debug|Any CPU
		{172F5DDB-51B4-420E-998D-C377FDFFD2CA}.Debug|Any CPU.Build.0 = Debug|Any CPU
		{172F5DDB-51B4-420E-998D-C377FDFFD2CA}.Release|Any CPU.ActiveCfg = Release|Any CPU
		{172F5DDB-51B4-420E-998D-C377FDFFD2CA}.Release|Any CPU.Build.0 = Release|Any CPU
		{22F4ACAD-6298-4EA6-94BA-18584EB9CEC1}.Debug|Any CPU.ActiveCfg = Debug|Any CPU
		{22F4ACAD-6298-4EA6-94BA-18584EB9CEC1}.Debug|Any CPU.Build.0 = Debug|Any CPU
		{22F4ACAD-6298-4EA6-94BA-18584EB9CEC1}.Release|Any CPU.ActiveCfg = Release|Any CPU
		{22F4ACAD-6298-4EA6-94BA-18584EB9CEC1}.Release|Any CPU.Build.0 = Release|Any CPU
		{46792F73-4745-4A52-8C62-247738015357}.Debug|Any CPU.ActiveCfg = Debug|Any CPU
		{46792F73-4745-4A52-8C62-247738015357}.Debug|Any CPU.Build.0 = Debug|Any CPU
		{46792F73-4745-4A52-8C62-247738015357}.Release|Any CPU.ActiveCfg = Release|Any CPU
		{46792F73-4745-4A52-8C62-247738015357}.Release|Any CPU.Build.0 = Release|Any CPU
	EndGlobalSection
	GlobalSection(SolutionProperties) = preSolution
		HideSolutionNode = FALSE
	EndGlobalSection
	GlobalSection(ExtensibilityGlobals) = postSolution
		SolutionGuid = {7E19887F-9017-4691-AE7C-ADE2EEDC229F}
	EndGlobalSection
EndGlobal
